
Microsoft Visual Studio Solution File, Format Version 12.00
# Visual Studio Version 16
VisualStudioVersion = 16.0.29409.12
MinimumVisualStudioVersion = 10.0.40219.1
Project("{FAE04EC0-301F-11D3-BF4B-00C04F79EFBC}") = "WebApi", "WebApi.csproj", "{0C879872-3AA9-4300-8DFB-1F72E5D95561}"
EndProject
Project("{2150E333-8FDC-42A3-9474-1A3956D46DE8}") = "01. App", "01. App", "{36777A4C-BB3D-40ED-BBE6-392CDF48B303}"
EndProject
Project("{2150E333-8FDC-42A3-9474-1A3956D46DE8}") = "02. Services", "02. Services", "{E2E584A5-686D-41C4-841A-33A174C7C028}"
EndProject
Project("{2150E333-8FDC-42A3-9474-1A3956D46DE8}") = "03. Domain", "03. Domain", "{4C4CDABD-0BF5-4223-A276-EA97C9852BA4}"
EndProject
Project("{2150E333-8FDC-42A3-9474-1A3956D46DE8}") = "04. DAC", "04. DAC", "{B7D7147D-A254-4670-BB63-372DAEEA4870}"
EndProject
Project("{2150E333-8FDC-42A3-9474-1A3956D46DE8}") = "05. Test", "05. Test", "{18F8E7A0-C751-4D84-A11B-EEDE53410EE5}"
EndProject
Project("{FAE04EC0-301F-11D3-BF4B-00C04F79EFBC}") = "WebApi.Services", "..\WebApi.Services\WebApi.Services.csproj", "{46197341-B4B3-4669-98AC-1645E9367246}"
EndProject
Project("{FAE04EC0-301F-11D3-BF4B-00C04F79EFBC}") = "WebApi.Domain.DataContext", "..\WebApi.Domain.DataContext\WebApi.Domain.DataContext.csproj", "{CCB3E3CC-6729-413A-A01E-13FCD79316F5}"
EndProject
Project("{FAE04EC0-301F-11D3-BF4B-00C04F79EFBC}") = "WebApi.Domain.Entities", "..\WebApi.Domain.Entities\WebApi.Domain.Entities.csproj", "{7B58DC93-1127-4549-B20E-03D6F8EA15BD}"
EndProject
Project("{FAE04EC0-301F-11D3-BF4B-00C04F79EFBC}") = "WebApi.DAC.DataAccess", "..\WebApi.DAC.DataAccess\WebApi.DAC.DataAccess.csproj", "{2151ED9F-65B7-4A34-A93F-F9A0AB64939B}"
EndProject
Global
	GlobalSection(SolutionConfigurationPlatforms) = preSolution
		Debug|Any CPU = Debug|Any CPU
		Release|Any CPU = Release|Any CPU
	EndGlobalSection
	GlobalSection(ProjectConfigurationPlatforms) = postSolution
		{0C879872-3AA9-4300-8DFB-1F72E5D95561}.Debug|Any CPU.ActiveCfg = Debug|Any CPU
		{0C879872-3AA9-4300-8DFB-1F72E5D95561}.Debug|Any CPU.Build.0 = Debug|Any CPU
		{0C879872-3AA9-4300-8DFB-1F72E5D95561}.Release|Any CPU.ActiveCfg = Release|Any CPU
		{0C879872-3AA9-4300-8DFB-1F72E5D95561}.Release|Any CPU.Build.0 = Release|Any CPU
		{46197341-B4B3-4669-98AC-1645E9367246}.Debug|Any CPU.ActiveCfg = Debug|Any CPU
		{46197341-B4B3-4669-98AC-1645E9367246}.Debug|Any CPU.Build.0 = Debug|Any CPU
		{46197341-B4B3-4669-98AC-1645E9367246}.Release|Any CPU.ActiveCfg = Release|Any CPU
		{46197341-B4B3-4669-98AC-1645E9367246}.Release|Any CPU.Build.0 = Release|Any CPU
		{CCB3E3CC-6729-413A-A01E-13FCD79316F5}.Debug|Any CPU.ActiveCfg = Debug|Any CPU
		{CCB3E3CC-6729-413A-A01E-13FCD79316F5}.Debug|Any CPU.Build.0 = Debug|Any CPU
		{CCB3E3CC-6729-413A-A01E-13FCD79316F5}.Release|Any CPU.ActiveCfg = Release|Any CPU
		{CCB3E3CC-6729-413A-A01E-13FCD79316F5}.Release|Any CPU.Build.0 = Release|Any CPU
		{7B58DC93-1127-4549-B20E-03D6F8EA15BD}.Debug|Any CPU.ActiveCfg = Debug|Any CPU
		{7B58DC93-1127-4549-B20E-03D6F8EA15BD}.Debug|Any CPU.Build.0 = Debug|Any CPU
		{7B58DC93-1127-4549-B20E-03D6F8EA15BD}.Release|Any CPU.ActiveCfg = Release|Any CPU
		{7B58DC93-1127-4549-B20E-03D6F8EA15BD}.Release|Any CPU.Build.0 = Release|Any CPU
		{2151ED9F-65B7-4A34-A93F-F9A0AB64939B}.Debug|Any CPU.ActiveCfg = Debug|Any CPU
		{2151ED9F-65B7-4A34-A93F-F9A0AB64939B}.Debug|Any CPU.Build.0 = Debug|Any CPU
		{2151ED9F-65B7-4A34-A93F-F9A0AB64939B}.Release|Any CPU.ActiveCfg = Release|Any CPU
		{2151ED9F-65B7-4A34-A93F-F9A0AB64939B}.Release|Any CPU.Build.0 = Release|Any CPU
	EndGlobalSection
	GlobalSection(SolutionProperties) = preSolution
		HideSolutionNode = FALSE
	EndGlobalSection
	GlobalSection(NestedProjects) = preSolution
		{0C879872-3AA9-4300-8DFB-1F72E5D95561} = {36777A4C-BB3D-40ED-BBE6-392CDF48B303}
		{46197341-B4B3-4669-98AC-1645E9367246} = {E2E584A5-686D-41C4-841A-33A174C7C028}
		{CCB3E3CC-6729-413A-A01E-13FCD79316F5} = {4C4CDABD-0BF5-4223-A276-EA97C9852BA4}
		{7B58DC93-1127-4549-B20E-03D6F8EA15BD} = {4C4CDABD-0BF5-4223-A276-EA97C9852BA4}
		{2151ED9F-65B7-4A34-A93F-F9A0AB64939B} = {B7D7147D-A254-4670-BB63-372DAEEA4870}
	EndGlobalSection
	GlobalSection(ExtensibilityGlobals) = postSolution
		SolutionGuid = {B3B10A60-8C17-4D5D-B255-95F98AB3A729}
	EndGlobalSection
EndGlobal
